Microsoft Visual Studio Solution File, Format Version 9.00
# Visual C++ Express 2005
Project("{8BC9CEB8-8B4A-11D0-8D11-00A0C91BC942}") = "soplex", "soplex.vcproj", "{696D0629-EF7F-4905-BB80-4BC7C00787B1}"
EndProject
Global
	GlobalSection(SolutionConfigurationPlatforms) = preSolution
		Debug (fewer checks)|Win32 = Debug (fewer checks)|Win32
		Debug|Win32 = Debug|Win32
		Release (asserts to Warnings)|Win32 = Release (asserts to Warnings)|Win32
		Release|Win32 = Release|Win32
	EndGlobalSection
	GlobalSection(ProjectConfigurationPlatforms) = postSolution
		{696D0629-EF7F-4905-BB80-4BC7C00787B1}.Debug (fewer checks)|Win32.ActiveCfg = Debug (fewer checks)|Win32
		{696D0629-EF7F-4905-BB80-4BC7C00787B1}.Debug (fewer checks)|Win32.Build.0 = Debug (fewer checks)|Win32
		{696D0629-EF7F-4905-BB80-4BC7C00787B1}.Debug|Win32.ActiveCfg = Debug|Win32
		{696D0629-EF7F-4905-BB80-4BC7C00787B1}.Debug|Win32.Build.0 = Debug|Win32
		{696D0629-EF7F-4905-BB80-4BC7C00787B1}.Release (asserts to Warnings)|Win32.ActiveCfg = Release (asserts to Warnings)|Win32
		{696D0629-EF7F-4905-BB80-4BC7C00787B1}.Release (asserts to Warnings)|Win32.Build.0 = Release (asserts to Warnings)|Win32
		{696D0629-EF7F-4905-BB80-4BC7C00787B1}.Release|Win32.ActiveCfg = Release|Win32
		{696D0629-EF7F-4905-BB80-4BC7C00787B1}.Release|Win32.Build.0 = Release|Win32
	EndGlobalSection
	GlobalSection(SolutionProperties) = preSolution
		HideSolutionNode = FALSE
	EndGlobalSection
EndGlobal
